
Microsoft Visual Studio Solution File, Format Version 12.00
# Visual Studio Version 17
VisualStudioVersion = 17.7.34031.279
MinimumVisualStudioVersion = 10.0.40219.1
Project("{FAE04EC0-301F-11D3-BF4B-00C04F79EFBC}") = "8section1.16", "8section1.16\8section1.16.csproj", "{989F569E-C60D-4074-BF3B-95A92E46D063}"
EndProject
Global
	GlobalSection(SolutionConfigurationPlatforms) = preSolution
		Debug|Any CPU = Debug|Any CPU
		Release|Any CPU = Release|Any CPU
	EndGlobalSection
	GlobalSection(ProjectConfigurationPlatforms) = postSolution
		{989F569E-C60D-4074-BF3B-95A92E46D063}.Debug|Any CPU.ActiveCfg = Debug|Any CPU
		{989F569E-C60D-4074-BF3B-95A92E46D063}.Debug|Any CPU.Build.0 = Debug|Any CPU
		{989F569E-C60D-4074-BF3B-95A92E46D063}.Release|Any CPU.ActiveCfg = Release|Any CPU
		{989F569E-C60D-4074-BF3B-95A92E46D063}.Release|Any CPU.Build.0 = Release|Any CPU
	EndGlobalSection
	GlobalSection(SolutionProperties) = preSolution
		HideSolutionNode = FALSE
	EndGlobalSection
	GlobalSection(ExtensibilityGlobals) = postSolution
		SolutionGuid = {7E96D92F-35BB-4132-95AB-721AA00D52F8}
	EndGlobalSection
EndGlobal
